
Microsoft Visual Studio Solution File, Format Version 12.00
# Visual Studio Version 17
VisualStudioVersion = 17.8.34525.116
MinimumVisualStudioVersion = 10.0.40219.1
Project("{FAE04EC0-301F-11D3-BF4B-00C04F79EFBC}") = "Business", "Business\Business.csproj", "{726C99F5-7333-4F5B-AA1C-A9B20CB89343}"
EndProject
Project("{FAE04EC0-301F-11D3-BF4B-00C04F79EFBC}") = "Entities", "Entities\Entities.csproj", "{30A79FB5-2D08-4225-A337-CF8D70D02065}"
EndProject
Project("{FAE04EC0-301F-11D3-BF4B-00C04F79EFBC}") = "Workaround", "Workaround\Workaround.csproj", "{6ADEAF49-A837-4EB4-A4F2-98D871CA88CE}"
EndProject
Global
	GlobalSection(SolutionConfigurationPlatforms) = preSolution
		Debug|Any CPU = Debug|Any CPU
		Release|Any CPU = Release|Any CPU
	EndGlobalSection
	GlobalSection(ProjectConfigurationPlatforms) = postSolution
		{726C99F5-7333-4F5B-AA1C-A9B20CB89343}.Debug|Any CPU.ActiveCfg = Debug|Any CPU
		{726C99F5-7333-4F5B-AA1C-A9B20CB89343}.Debug|Any CPU.Build.0 = Debug|Any CPU
		{726C99F5-7333-4F5B-AA1C-A9B20CB89343}.Release|Any CPU.ActiveCfg = Release|Any CPU
		{726C99F5-7333-4F5B-AA1C-A9B20CB89343}.Release|Any CPU.Build.0 = Release|Any CPU
		{30A79FB5-2D08-4225-A337-CF8D70D02065}.Debug|Any CPU.ActiveCfg = Debug|Any CPU
		{30A79FB5-2D08-4225-A337-CF8D70D02065}.Debug|Any CPU.Build.0 = Debug|Any CPU
		{30A79FB5-2D08-4225-A337-CF8D70D02065}.Release|Any CPU.ActiveCfg = Release|Any CPU
		{30A79FB5-2D08-4225-A337-CF8D70D02065}.Release|Any CPU.Build.0 = Release|Any CPU
		{6ADEAF49-A837-4EB4-A4F2-98D871CA88CE}.Debug|Any CPU.ActiveCfg = Debug|Any CPU
		{6ADEAF49-A837-4EB4-A4F2-98D871CA88CE}.Debug|Any CPU.Build.0 = Debug|Any CPU
		{6ADEAF49-A837-4EB4-A4F2-98D871CA88CE}.Release|Any CPU.ActiveCfg = Release|Any CPU
		{6ADEAF49-A837-4EB4-A4F2-98D871CA88CE}.Release|Any CPU.Build.0 = Release|Any CPU
	EndGlobalSection
	GlobalSection(SolutionProperties) = preSolution
		HideSolutionNode = FALSE
	EndGlobalSection
	GlobalSection(ExtensibilityGlobals) = postSolution
		SolutionGuid = {B796EF0F-073C-415A-95FA-A5303765DA4F}
	EndGlobalSection
EndGlobal
